
Microsoft Visual Studio Solution File, Format Version 12.00
# Visual Studio 15
VisualStudioVersion = 15.0.28307.421
MinimumVisualStudioVersion = 10.0.40219.1
Project("{9A19103F-16F7-4668-BE54-9A1E7A4F7556}") = "Multiplex", "Multiplex\Multiplex.csproj", "{3A40EA00-A15D-4665-9C3F-26B4291D2D83}"
EndProject
Project("{9A19103F-16F7-4668-BE54-9A1E7A4F7556}") = "MultiplexData", "MultiplexData\MultiplexData.csproj", "{99267637-D8F2-4C25-AE28-314254CA682C}"
EndProject
Project("{FAE04EC0-301F-11D3-BF4B-00C04F79EFBC}") = "MultiplexServices", "MultiplexServices\MultiplexServices.csproj", "{27354155-EBC7-423C-8A26-3F5F1B061221}"
EndProject
Global
	GlobalSection(SolutionConfigurationPlatforms) = preSolution
		Debug|Any CPU = Debug|Any CPU
		Release|Any CPU = Release|Any CPU
	EndGlobalSection
	GlobalSection(ProjectConfigurationPlatforms) = postSolution
		{3A40EA00-A15D-4665-9C3F-26B4291D2D83}.Debug|Any CPU.ActiveCfg = Debug|Any CPU
		{3A40EA00-A15D-4665-9C3F-26B4291D2D83}.Debug|Any CPU.Build.0 = Debug|Any CPU
		{3A40EA00-A15D-4665-9C3F-26B4291D2D83}.Release|Any CPU.ActiveCfg = Release|Any CPU
		{3A40EA00-A15D-4665-9C3F-26B4291D2D83}.Release|Any CPU.Build.0 = Release|Any CPU
		{99267637-D8F2-4C25-AE28-314254CA682C}.Debug|Any CPU.ActiveCfg = Debug|Any CPU
		{99267637-D8F2-4C25-AE28-314254CA682C}.Debug|Any CPU.Build.0 = Debug|Any CPU
		{99267637-D8F2-4C25-AE28-314254CA682C}.Release|Any CPU.ActiveCfg = Release|Any CPU
		{99267637-D8F2-4C25-AE28-314254CA682C}.Release|Any CPU.Build.0 = Release|Any CPU
		{27354155-EBC7-423C-8A26-3F5F1B061221}.Debug|Any CPU.ActiveCfg = Debug|Any CPU
		{27354155-EBC7-423C-8A26-3F5F1B061221}.Debug|Any CPU.Build.0 = Debug|Any CPU
		{27354155-EBC7-423C-8A26-3F5F1B061221}.Release|Any CPU.ActiveCfg = Release|Any CPU
		{27354155-EBC7-423C-8A26-3F5F1B061221}.Release|Any CPU.Build.0 = Release|Any CPU
	EndGlobalSection
	GlobalSection(SolutionProperties) = preSolution
		HideSolutionNode = FALSE
	EndGlobalSection
	GlobalSection(ExtensibilityGlobals) = postSolution
		SolutionGuid = {C03661EF-0197-4778-BF56-9FEC6DDA72A4}
	EndGlobalSection
EndGlobal
